
Microsoft Visual Studio Solution File, Format Version 12.00
# Visual Studio Version 16
VisualStudioVersion = 16.0.31410.357
MinimumVisualStudioVersion = 10.0.40219.1
Project("{888888A0-9F3D-457C-B088-3A5042F75D52}") = "Pythonfunctions", "Pythonfunctions.pyproj", "{2A2480D5-9973-497A-9964-5F4DEC5CFF54}"
EndProject
Global
	GlobalSection(SolutionConfigurationPlatforms) = preSolution
		Debug|Any CPU = Debug|Any CPU
		Release|Any CPU = Release|Any CPU
	EndGlobalSection
	GlobalSection(ProjectConfigurationPlatforms) = postSolution
		{2A2480D5-9973-497A-9964-5F4DEC5CFF54}.Debug|Any CPU.ActiveCfg = Debug|Any CPU
		{2A2480D5-9973-497A-9964-5F4DEC5CFF54}.Release|Any CPU.ActiveCfg = Release|Any CPU
	EndGlobalSection
	GlobalSection(SolutionProperties) = preSolution
		HideSolutionNode = FALSE
	EndGlobalSection
	GlobalSection(ExtensibilityGlobals) = postSolution
		SolutionGuid = {D67C2B36-190D-474F-AA73-EF22030AC39A}
	EndGlobalSection
EndGlobal
